// !$*UTF8*$!
{
	archiveVersion = 1;
	classes = {
	};
	objectVersion = 55;
	objects = {

/* Begin PBXBuildFile section */
		11DCF18BBDF4DE6164F517BC /* Pods_CurrencyConverterTests.framework in Frameworks */ = {isa = PBXBuildFile; fileRef = DC49E0FE1DCF120AA602645A /* Pods_CurrencyConverterTests.framework */; };
		3727FDCEED7C5F5A5745BEB1 /* Pods_CurrencyConverter_CurrencyConverterUITests.framework in Frameworks */ = {isa = PBXBuildFile; fileRef = 77AF3A9A8C4D6A595189E0DA /* Pods_CurrencyConverter_CurrencyConverterUITests.framework */; };
		8475303C27E4AE9A00BEDA7E /* AppDelegate.swift in Sources */ = {isa = PBXBuildFile; fileRef = 8475303B27E4AE9A00BEDA7E /* AppDelegate.swift */; };
		8475303E27E4AE9A00BEDA7E /* SceneDelegate.swift in Sources */ = {isa = PBXBuildFile; fileRef = 8475303D27E4AE9A00BEDA7E /* SceneDelegate.swift */; };
		8475304027E4AE9A00BEDA7E /* ViewController.swift in Sources */ = {isa = PBXBuildFile; fileRef = 8475303F27E4AE9A00BEDA7E /* ViewController.swift */; };
		8475304327E4AE9A00BEDA7E /* Main.storyboard in Resources */ = {isa = PBXBuildFile; fileRef = 8475304127E4AE9A00BEDA7E /* Main.storyboard */; };
		8475304627E4AE9A00BEDA7E /* CurrencyConverter.xcdatamodeld in Sources */ = {isa = PBXBuildFile; fileRef = 8475304427E4AE9A00BEDA7E /* CurrencyConverter.xcdatamodeld */; };
		8475304827E4AE9E00BEDA7E /* Assets.xcassets in Resources */ = {isa = PBXBuildFile; fileRef = 8475304727E4AE9E00BEDA7E /* Assets.xcassets */; };
		8475304B27E4AE9E00BEDA7E /* LaunchScreen.storyboard in Resources */ = {isa = PBXBuildFile; fileRef = 8475304927E4AE9E00BEDA7E /* LaunchScreen.storyboard */; };
		8475305627E4AE9F00BEDA7E /* CurrencyConverterTests.swift in Sources */ = {isa = PBXBuildFile; fileRef = 8475305527E4AE9F00BEDA7E /* CurrencyConverterTests.swift */; };
		8475306027E4AE9F00BEDA7E /* CurrencyConverterUITests.swift in Sources */ = {isa = PBXBuildFile; fileRef = 8475305F27E4AE9F00BEDA7E /* CurrencyConverterUITests.swift */; };
		8475306227E4AE9F00BEDA7E /* CurrencyConverterUITestsLaunchTests.swift in Sources */ = {isa = PBXBuildFile; fileRef = 8475306127E4AE9F00BEDA7E /* CurrencyConverterUITestsLaunchTests.swift */; };
		8475307D27E4C71500BEDA7E /* DataTransferService.swift in Sources */ = {isa = PBXBuildFile; fileRef = 8475307C27E4C71500BEDA7E /* DataTransferService.swift */; };
		8475307F27E4C72900BEDA7E /* NetworkService.swift in Sources */ = {isa = PBXBuildFile; fileRef = 8475307E27E4C72900BEDA7E /* NetworkService.swift */; };
		8475308127E4C74100BEDA7E /* Endpoint.swift in Sources */ = {isa = PBXBuildFile; fileRef = 8475308027E4C74100BEDA7E /* Endpoint.swift */; };
		8475308327E4C75200BEDA7E /* NetworkConfig.swift in Sources */ = {isa = PBXBuildFile; fileRef = 8475308227E4C75200BEDA7E /* NetworkConfig.swift */; };
		8475308627E4C8A400BEDA7E /* AppConfigurations.swift in Sources */ = {isa = PBXBuildFile; fileRef = 8475308527E4C8A400BEDA7E /* AppConfigurations.swift */; };
		8475308827E4CA0300BEDA7E /* CurrencyConverterStore.swift in Sources */ = {isa = PBXBuildFile; fileRef = 8475308727E4CA0300BEDA7E /* CurrencyConverterStore.swift */; };
		8475308A27E4CA5F00BEDA7E /* CurrencyConverterModel.swift in Sources */ = {isa = PBXBuildFile; fileRef = 8475308927E4CA5F00BEDA7E /* CurrencyConverterModel.swift */; };
		8475308C27E4CAC000BEDA7E /* CurrencyModel.swift in Sources */ = {isa = PBXBuildFile; fileRef = 8475308B27E4CAC000BEDA7E /* CurrencyModel.swift */; };
		AD35EAF5DA7648A99F2003F6 /* Pods_CurrencyConverter.framework in Frameworks */ = {isa = PBXBuildFile; fileRef = 0B5E2294FE396DCDE43DD99C /* Pods_CurrencyConverter.framework */; };
/* End PBXBuildFile section */

/* Begin PBXContainerItemProxy section */
		8475305227E4AE9F00BEDA7E /* PBXContainerItemProxy */ = {
			isa = PBXContainerItemProxy;
			containerPortal = 8475303027E4AE9900BEDA7E /* Project object */;
			proxyType = 1;
			remoteGlobalIDString = 8475303727E4AE9A00BEDA7E;
			remoteInfo = CurrencyConverter;
		};
		8475305C27E4AE9F00BEDA7E /* PBXContainerItemProxy */ = {
			isa = PBXContainerItemProxy;
			containerPortal = 8475303027E4AE9900BEDA7E /* Project object */;
			proxyType = 1;
			remoteGlobalIDString = 8475303727E4AE9A00BEDA7E;
			remoteInfo = CurrencyConverter;
		};
/* End PBXContainerItemProxy section */

/* Begin PBXFileReference section */
		0B5E2294FE396DCDE43DD99C /* Pods_CurrencyConverter.framework */ = {isa = PBXFileReference; explicitFileType = wrapper.framework; includeInIndex = 0; path = Pods_CurrencyConverter.framework; sourceTree = BUILT_PRODUCTS_DIR; };
		39B22AC802DCB56367A1251C /* Pods-CurrencyConverter-CurrencyConverterUITests.release.xcconfig */ = {isa = PBXFileReference; includeInIndex = 1; lastKnownFileType = text.xcconfig; name = "Pods-CurrencyConverter-CurrencyConverterUITests.release.xcconfig"; path = "Target Support Files/Pods-CurrencyConverter-CurrencyConverterUITests/Pods-CurrencyConverter-CurrencyConverterUITests.release.xcconfig"; sourceTree = "<group>"; };
		69A4D39630E23FBF2216A580 /* Pods-CurrencyConverter.debug.xcconfig */ = {isa = PBXFileReference; includeInIndex = 1; lastKnownFileType = text.xcconfig; name = "Pods-CurrencyConverter.debug.xcconfig"; path = "Target Support Files/Pods-CurrencyConverter/Pods-CurrencyConverter.debug.xcconfig"; sourceTree = "<group>"; };
		77AF3A9A8C4D6A595189E0DA /* Pods_CurrencyConverter_CurrencyConverterUITests.framework */ = {isa = PBXFileReference; explicitFileType = wrapper.framework; includeInIndex = 0; path = Pods_CurrencyConverter_CurrencyConverterUITests.framework; sourceTree = BUILT_PRODUCTS_DIR; };
		8475303827E4AE9A00BEDA7E /* CurrencyConverter.app */ = {isa = PBXFileReference; explicitFileType = wrapper.application; includeInIndex = 0; path = CurrencyConverter.app; sourceTree = BUILT_PRODUCTS_DIR; };
		8475303B27E4AE9A00BEDA7E /* AppDelegate.swift */ = {isa = PBXFileReference; lastKnownFileType = sourcecode.swift; path = AppDelegate.swift; sourceTree = "<group>"; };
		8475303D27E4AE9A00BEDA7E /* SceneDelegate.swift */ = {isa = PBXFileReference; lastKnownFileType = sourcecode.swift; path = SceneDelegate.swift; sourceTree = "<group>"; };
		8475303F27E4AE9A00BEDA7E /* ViewController.swift */ = {isa = PBXFileReference; lastKnownFileType = sourcecode.swift; path = ViewController.swift; sourceTree = "<group>"; };
		8475304227E4AE9A00BEDA7E /* Base */ = {isa = PBXFileReference; lastKnownFileType = file.storyboard; name = Base; path = Base.lproj/Main.storyboard; sourceTree = "<group>"; };
		8475304527E4AE9A00BEDA7E /* CurrencyConverter.xcdatamodel */ = {isa = PBXFileReference; lastKnownFileType = wrapper.xcdatamodel; path = CurrencyConverter.xcdatamodel; sourceTree = "<group>"; };
		8475304727E4AE9E00BEDA7E /* Assets.xcassets */ = {isa = PBXFileReference; lastKnownFileType = folder.assetcatalog; path = Assets.xcassets; sourceTree = "<group>"; };
		8475304A27E4AE9E00BEDA7E /* Base */ = {isa = PBXFileReference; lastKnownFileType = file.storyboard; name = Base; path = Base.lproj/LaunchScreen.storyboard; sourceTree = "<group>"; };
		8475304C27E4AE9E00BEDA7E /* Info.plist */ = {isa = PBXFileReference; lastKnownFileType = text.plist.xml; path = Info.plist; sourceTree = "<group>"; };
		8475305127E4AE9F00BEDA7E /* CurrencyConverterTests.xctest */ = {isa = PBXFileReference; explicitFileType = wrapper.cfbundle; includeInIndex = 0; path = CurrencyConverterTests.xctest; sourceTree = BUILT_PRODUCTS_DIR; };
		8475305527E4AE9F00BEDA7E /* CurrencyConverterTests.swift */ = {isa = PBXFileReference; lastKnownFileType = sourcecode.swift; path = CurrencyConverterTests.swift; sourceTree = "<group>"; };
		8475305B27E4AE9F00BEDA7E /* CurrencyConverterUITests.xctest */ = {isa = PBXFileReference; explicitFileType = wrapper.cfbundle; includeInIndex = 0; path = CurrencyConverterUITests.xctest; sourceTree = BUILT_PRODUCTS_DIR; };
		8475305F27E4AE9F00BEDA7E /* CurrencyConverterUITests.swift */ = {isa = PBXFileReference; lastKnownFileType = sourcecode.swift; path = CurrencyConverterUITests.swift; sourceTree = "<group>"; };
		8475306127E4AE9F00BEDA7E /* CurrencyConverterUITestsLaunchTests.swift */ = {isa = PBXFileReference; lastKnownFileType = sourcecode.swift; path = CurrencyConverterUITestsLaunchTests.swift; sourceTree = "<group>"; };
		8475307C27E4C71500BEDA7E /* DataTransferService.swift */ = {isa = PBXFileReference; lastKnownFileType = sourcecode.swift; path = DataTransferService.swift; sourceTree = "<group>"; };
		8475307E27E4C72900BEDA7E /* NetworkService.swift */ = {isa = PBXFileReference; lastKnownFileType = sourcecode.swift; path = NetworkService.swift; sourceTree = "<group>"; };
		8475308027E4C74100BEDA7E /* Endpoint.swift */ = {isa = PBXFileReference; lastKnownFileType = sourcecode.swift; path = Endpoint.swift; sourceTree = "<group>"; };
		8475308227E4C75200BEDA7E /* NetworkConfig.swift */ = {isa = PBXFileReference; lastKnownFileType = sourcecode.swift; path = NetworkConfig.swift; sourceTree = "<group>"; };
		8475308527E4C8A400BEDA7E /* AppConfigurations.swift */ = {isa = PBXFileReference; lastKnownFileType = sourcecode.swift; path = AppConfigurations.swift; sourceTree = "<group>"; };
		8475308727E4CA0300BEDA7E /* CurrencyConverterStore.swift */ = {isa = PBXFileReference; lastKnownFileType = sourcecode.swift; path = CurrencyConverterStore.swift; sourceTree = "<group>"; };
		8475308927E4CA5F00BEDA7E /* CurrencyConverterModel.swift */ = {isa = PBXFileReference; lastKnownFileType = sourcecode.swift; path = CurrencyConverterModel.swift; sourceTree = "<group>"; };
		8475308B27E4CAC000BEDA7E /* CurrencyModel.swift */ = {isa = PBXFileReference; lastKnownFileType = sourcecode.swift; path = CurrencyModel.swift; sourceTree = "<group>"; };
		91A530519D994C2EB0D72FBE /* Pods-CurrencyConverter-CurrencyConverterUITests.debug.xcconfig */ = {isa = PBXFileReference; includeInIndex = 1; lastKnownFileType = text.xcconfig; name = "Pods-CurrencyConverter-CurrencyConverterUITests.debug.xcconfig"; path = "Target Support Files/Pods-CurrencyConverter-CurrencyConverterUITests/Pods-CurrencyConverter-CurrencyConverterUITests.debug.xcconfig"; sourceTree = "<group>"; };
		959ECE5E6F6F14412CD5D2EB /* Pods-CurrencyConverterTests.debug.xcconfig */ = {isa = PBXFileReference; includeInIndex = 1; lastKnownFileType = text.xcconfig; name = "Pods-CurrencyConverterTests.debug.xcconfig"; path = "Target Support Files/Pods-CurrencyConverterTests/Pods-CurrencyConverterTests.debug.xcconfig"; sourceTree = "<group>"; };
		9ECE4DC97F2DA8529DFC8EE2 /* Pods-CurrencyConverterTests.release.xcconfig */ = {isa = PBXFileReference; includeInIndex = 1; lastKnownFileType = text.xcconfig; name = "Pods-CurrencyConverterTests.release.xcconfig"; path = "Target Support Files/Pods-CurrencyConverterTests/Pods-CurrencyConverterTests.release.xcconfig"; sourceTree = "<group>"; };
		DC49E0FE1DCF120AA602645A /* Pods_CurrencyConverterTests.framework */ = {isa = PBXFileReference; explicitFileType = wrapper.framework; includeInIndex = 0; path = Pods_CurrencyConverterTests.framework; sourceTree = BUILT_PRODUCTS_DIR; };
		EABA14471415C9F920CDE82C /* Pods-CurrencyConverter.release.xcconfig */ = {isa = PBXFileReference; includeInIndex = 1; lastKnownFileType = text.xcconfig; name = "Pods-CurrencyConverter.release.xcconfig"; path = "Target Support Files/Pods-CurrencyConverter/Pods-CurrencyConverter.release.xcconfig"; sourceTree = "<group>"; };
/* End PBXFileReference section */

/* Begin PBXFrameworksBuildPhase section */
		8475303527E4AE9A00BEDA7E /* Frameworks */ = {
			isa = PBXFrameworksBuildPhase;
			buildActionMask = 2147483647;
			files = (
				AD35EAF5DA7648A99F2003F6 /* Pods_CurrencyConverter.framework in Frameworks */,
			);
			runOnlyForDeploymentPostprocessing = 0;
		};
		8475304E27E4AE9F00BEDA7E /* Frameworks */ = {
			isa = PBXFrameworksBuildPhase;
			buildActionMask = 2147483647;
			files = (
				11DCF18BBDF4DE6164F517BC /* Pods_CurrencyConverterTests.framework in Frameworks */,
			);
			runOnlyForDeploymentPostprocessing = 0;
		};
		8475305827E4AE9F00BEDA7E /* Frameworks */ = {
			isa = PBXFrameworksBuildPhase;
			buildActionMask = 2147483647;
			files = (
				3727FDCEED7C5F5A5745BEB1 /* Pods_CurrencyConverter_CurrencyConverterUITests.framework in Frameworks */,
			);
			runOnlyForDeploymentPostprocessing = 0;
		};
/* End PBXFrameworksBuildPhase section */

/* Begin PBXGroup section */
		70FC188A3857656BDCDCED6D /* Frameworks */ = {
			isa = PBXGroup;
			children = (
				0B5E2294FE396DCDE43DD99C /* Pods_CurrencyConverter.framework */,
				77AF3A9A8C4D6A595189E0DA /* Pods_CurrencyConverter_CurrencyConverterUITests.framework */,
				DC49E0FE1DCF120AA602645A /* Pods_CurrencyConverterTests.framework */,
			);
			name = Frameworks;
			sourceTree = "<group>";
		};
		8052BDD60A865FFCC7F2EF92 /* Pods */ = {
			isa = PBXGroup;
			children = (
				69A4D39630E23FBF2216A580 /* Pods-CurrencyConverter.debug.xcconfig */,
				EABA14471415C9F920CDE82C /* Pods-CurrencyConverter.release.xcconfig */,
				91A530519D994C2EB0D72FBE /* Pods-CurrencyConverter-CurrencyConverterUITests.debug.xcconfig */,
				39B22AC802DCB56367A1251C /* Pods-CurrencyConverter-CurrencyConverterUITests.release.xcconfig */,
				959ECE5E6F6F14412CD5D2EB /* Pods-CurrencyConverterTests.debug.xcconfig */,
				9ECE4DC97F2DA8529DFC8EE2 /* Pods-CurrencyConverterTests.release.xcconfig */,
			);
			path = Pods;
			sourceTree = "<group>";
		};
		8475302F27E4AE9900BEDA7E = {
			isa = PBXGroup;
			children = (
				8475303A27E4AE9A00BEDA7E /* CurrencyConverter */,
				8475305427E4AE9F00BEDA7E /* CurrencyConverterTests */,
				8475305E27E4AE9F00BEDA7E /* CurrencyConverterUITests */,
				8475303927E4AE9A00BEDA7E /* Products */,
				8052BDD60A865FFCC7F2EF92 /* Pods */,
				70FC188A3857656BDCDCED6D /* Frameworks */,
			);
			sourceTree = "<group>";
		};
		8475303927E4AE9A00BEDA7E /* Products */ = {
			isa = PBXGroup;
			children = (
				8475303827E4AE9A00BEDA7E /* CurrencyConverter.app */,
				8475305127E4AE9F00BEDA7E /* CurrencyConverterTests.xctest */,
				8475305B27E4AE9F00BEDA7E /* CurrencyConverterUITests.xctest */,
			);
			name = Products;
			sourceTree = "<group>";
		};
		8475303A27E4AE9A00BEDA7E /* CurrencyConverter */ = {
			isa = PBXGroup;
			children = (
				8475308427E4C88D00BEDA7E /* ConfigFiles */,
				8475307A27E4C6CF00BEDA7E /* NetworkManager */,
				8475307427E4B44C00BEDA7E /* Helper */,
				8475307327E4B43000BEDA7E /* DTOs */,
				8475307027E4B39D00BEDA7E /* DataStoreLayer */,
				8475306F27E4B38F00BEDA7E /* BusinessLayer */,
				8475306E27E4B37800BEDA7E /* PresentationLayer */,
				8475303B27E4AE9A00BEDA7E /* AppDelegate.swift */,
				8475303D27E4AE9A00BEDA7E /* SceneDelegate.swift */,
				8475303F27E4AE9A00BEDA7E /* ViewController.swift */,
				8475304127E4AE9A00BEDA7E /* Main.storyboard */,
				8475304727E4AE9E00BEDA7E /* Assets.xcassets */,
				8475304927E4AE9E00BEDA7E /* LaunchScreen.storyboard */,
				8475304C27E4AE9E00BEDA7E /* Info.plist */,
				8475304427E4AE9A00BEDA7E /* CurrencyConverter.xcdatamodeld */,
			);
			path = CurrencyConverter;
			sourceTree = "<group>";
		};
		8475305427E4AE9F00BEDA7E /* CurrencyConverterTests */ = {
			isa = PBXGroup;
			children = (
				8475305527E4AE9F00BEDA7E /* CurrencyConverterTests.swift */,
			);
			path = CurrencyConverterTests;
			sourceTree = "<group>";
		};
		8475305E27E4AE9F00BEDA7E /* CurrencyConverterUITests */ = {
			isa = PBXGroup;
			children = (
				8475305F27E4AE9F00BEDA7E /* CurrencyConverterUITests.swift */,
				8475306127E4AE9F00BEDA7E /* CurrencyConverterUITestsLaunchTests.swift */,
			);
			path = CurrencyConverterUITests;
			sourceTree = "<group>";
		};
		8475306E27E4B37800BEDA7E /* PresentationLayer */ = {
			isa = PBXGroup;
			children = (
				8475307227E4B3EE00BEDA7E /* ViewModels */,
				8475307127E4B3E200BEDA7E /* ViewControllers */,
			);
			path = PresentationLayer;
			sourceTree = "<group>";
		};
		8475306F27E4B38F00BEDA7E /* BusinessLayer */ = {
			isa = PBXGroup;
			children = (
				8475307927E4B59E00BEDA7E /* Handler */,
				8475307827E4B59500BEDA7E /* UseCase */,
			);
			path = BusinessLayer;
			sourceTree = "<group>";
		};
		8475307027E4B39D00BEDA7E /* DataStoreLayer */ = {
			isa = PBXGroup;
			children = (
				8475307727E4B4B400BEDA7E /* Repo */,
				8475307627E4B4AA00BEDA7E /* Router */,
				8475307527E4B49700BEDA7E /* Store */,
			);
			path = DataStoreLayer;
			sourceTree = "<group>";
		};
		8475307127E4B3E200BEDA7E /* ViewControllers */ = {
			isa = PBXGroup;
			children = (
			);
			path = ViewControllers;
			sourceTree = "<group>";
		};
		8475307227E4B3EE00BEDA7E /* ViewModels */ = {
			isa = PBXGroup;
			children = (
			);
			path = ViewModels;
			sourceTree = "<group>";
		};
		8475307327E4B43000BEDA7E /* DTOs */ = {
			isa = PBXGroup;
			children = (
				8475308927E4CA5F00BEDA7E /* CurrencyConverterModel.swift */,
				8475308B27E4CAC000BEDA7E /* CurrencyModel.swift */,
			);
			path = DTOs;
			sourceTree = "<group>";
		};
		8475307427E4B44C00BEDA7E /* Helper */ = {
			isa = PBXGroup;
			children = (
			);
			path = Helper;
			sourceTree = "<group>";
		};
		8475307527E4B49700BEDA7E /* Store */ = {
			isa = PBXGroup;
			children = (
				8475308727E4CA0300BEDA7E /* CurrencyConverterStore.swift */,
			);
			path = Store;
			sourceTree = "<group>";
		};
		8475307627E4B4AA00BEDA7E /* Router */ = {
			isa = PBXGroup;
			children = (
			);
			path = Router;
			sourceTree = "<group>";
		};
		8475307727E4B4B400BEDA7E /* Repo */ = {
			isa = PBXGroup;
			children = (
			);
			path = Repo;
			sourceTree = "<group>";
		};
		8475307827E4B59500BEDA7E /* UseCase */ = {
			isa = PBXGroup;
			children = (
			);
			path = UseCase;
			sourceTree = "<group>";
		};
		8475307927E4B59E00BEDA7E /* Handler */ = {
			isa = PBXGroup;
			children = (
			);
			path = Handler;
			sourceTree = "<group>";
		};
		8475307A27E4C6CF00BEDA7E /* NetworkManager */ = {
			isa = PBXGroup;
			children = (
				8475307C27E4C71500BEDA7E /* DataTransferService.swift */,
				8475307E27E4C72900BEDA7E /* NetworkService.swift */,
				8475308027E4C74100BEDA7E /* Endpoint.swift */,
				8475308227E4C75200BEDA7E /* NetworkConfig.swift */,
			);
			path = NetworkManager;
			sourceTree = "<group>";
		};
		8475308427E4C88D00BEDA7E /* ConfigFiles */ = {
			isa = PBXGroup;
			children = (
				8475308527E4C8A400BEDA7E /* AppConfigurations.swift */,
			);
			path = ConfigFiles;
			sourceTree = "<group>";
		};
/* End PBXGroup section */

/* Begin PBXNativeTarget section */
		8475303727E4AE9A00BEDA7E /* CurrencyConverter */ = {
			isa = PBXNativeTarget;
			buildConfigurationList = 8475306527E4AE9F00BEDA7E /* Build configuration list for PBXNativeTarget "CurrencyConverter" */;
			buildPhases = (
				E852C9431B8D8CBF3725E930 /* [CP] Check Pods Manifest.lock */,
				8475303427E4AE9A00BEDA7E /* Sources */,
				8475303527E4AE9A00BEDA7E /* Frameworks */,
				8475303627E4AE9A00BEDA7E /* Resources */,
				0DB2964AB766610E0A1426F8 /* [CP] Embed Pods Frameworks */,
			);
			buildRules = (
			);
			dependencies = (
			);
			name = CurrencyConverter;
			productName = CurrencyConverter;
			productReference = 8475303827E4AE9A00BEDA7E /* CurrencyConverter.app */;
			productType = "com.apple.product-type.application";
		};
		8475305027E4AE9F00BEDA7E /* CurrencyConverterTests */ = {
			isa = PBXNativeTarget;
			buildConfigurationList = 8475306827E4AE9F00BEDA7E /* Build configuration list for PBXNativeTarget "CurrencyConverterTests" */;
			buildPhases = (
				CADAF2A919D6F58F6FC8B17C /* [CP] Check Pods Manifest.lock */,
				8475304D27E4AE9F00BEDA7E /* Sources */,
				8475304E27E4AE9F00BEDA7E /* Frameworks */,
				8475304F27E4AE9F00BEDA7E /* Resources */,
			);
			buildRules = (
			);
			dependencies = (
				8475305327E4AE9F00BEDA7E /* PBXTargetDependency */,
			);
			name = CurrencyConverterTests;
			productName = CurrencyConverterTests;
			productReference = 8475305127E4AE9F00BEDA7E /* CurrencyConverterTests.xctest */;
			productType = "com.apple.product-type.bundle.unit-test";
		};
		8475305A27E4AE9F00BEDA7E /* CurrencyConverterUITests */ = {
			isa = PBXNativeTarget;
			buildConfigurationList = 8475306B27E4AE9F00BEDA7E /* Build configuration list for PBXNativeTarget "CurrencyConverterUITests" */;
			buildPhases = (
				7D99D4E342C6775153EE6FC2 /* [CP] Check Pods Manifest.lock */,
				8475305727E4AE9F00BEDA7E /* Sources */,
				8475305827E4AE9F00BEDA7E /* Frameworks */,
				8475305927E4AE9F00BEDA7E /* Resources */,
				7EA1A028F8C4CA330DAAE896 /* [CP] Embed Pods Frameworks */,
			);
			buildRules = (
			);
			dependencies = (
				8475305D27E4AE9F00BEDA7E /* PBXTargetDependency */,
			);
			name = CurrencyConverterUITests;
			productName = CurrencyConverterUITests;
			productReference = 8475305B27E4AE9F00BEDA7E /* CurrencyConverterUITests.xctest */;
			productType = "com.apple.product-type.bundle.ui-testing";
		};
/* End PBXNativeTarget section */

/* Begin PBXProject section */
		8475303027E4AE9900BEDA7E /* Project object */ = {
			isa = PBXProject;
			attributes = {
				BuildIndependentTargetsInParallel = 1;
				LastSwiftUpdateCheck = 1320;
				LastUpgradeCheck = 1320;
				TargetAttributes = {
					8475303727E4AE9A00BEDA7E = {
						CreatedOnToolsVersion = 13.2.1;
					};
					8475305027E4AE9F00BEDA7E = {
						CreatedOnToolsVersion = 13.2.1;
						TestTargetID = 8475303727E4AE9A00BEDA7E;
					};
					8475305A27E4AE9F00BEDA7E = {
						CreatedOnToolsVersion = 13.2.1;
						TestTargetID = 8475303727E4AE9A00BEDA7E;
					};
				};
			};
			buildConfigurationList = 8475303327E4AE9900BEDA7E /* Build configuration list for PBXProject "CurrencyConverter" */;
			compatibilityVersion = "Xcode 13.0";
			developmentRegion = en;
			hasScannedForEncodings = 0;
			knownRegions = (
				en,
				Base,
			);
			mainGroup = 8475302F27E4AE9900BEDA7E;
			productRefGroup = 8475303927E4AE9A00BEDA7E /* Products */;
			projectDirPath = "";
			projectRoot = "";
			targets = (
				8475303727E4AE9A00BEDA7E /* CurrencyConverter */,
				8475305027E4AE9F00BEDA7E /* CurrencyConverterTests */,
				8475305A27E4AE9F00BEDA7E /* CurrencyConverterUITests */,
			);
		};
/* End PBXProject section */

/* Begin PBXResourcesBuildPhase section */
		8475303627E4AE9A00BEDA7E /* Resources */ = {
			isa = PBXResourcesBuildPhase;
			buildActionMask = 2147483647;
			files = (
				8475304B27E4AE9E00BEDA7E /* LaunchScreen.storyboard in Resources */,
				8475304827E4AE9E00BEDA7E /* Assets.xcassets in Resources */,
				8475304327E4AE9A00BEDA7E /* Main.storyboard in Resources */,
			);
			runOnlyForDeploymentPostprocessing = 0;
		};
		8475304F27E4AE9F00BEDA7E /* Resources */ = {
			isa = PBXResourcesBuildPhase;
			buildActionMask = 2147483647;
			files = (
			);
			runOnlyForDeploymentPostprocessing = 0;
		};
		8475305927E4AE9F00BEDA7E /* Resources */ = {
			isa = PBXResourcesBuildPhase;
			buildActionMask = 2147483647;
			files = (
			);
			runOnlyForDeploymentPostprocessing = 0;
		};
/* End PBXResourcesBuildPhase section */

/* Begin PBXShellScriptBuildPhase section */
		0DB2964AB766610E0A1426F8 /* [CP] Embed Pods Frameworks */ = {
			isa = PBXShellScriptBuildPhase;
			buildActionMask = 2147483647;
			files = (
			);
			inputFileListPaths = (
				"${PODS_ROOT}/Target Support Files/Pods-CurrencyConverter/Pods-CurrencyConverter-frameworks-${CONFIGURATION}-input-files.xcfilelist",
			);
			name = "[CP] Embed Pods Frameworks";
			outputFileListPaths = (
				"${PODS_ROOT}/Target Support Files/Pods-CurrencyConverter/Pods-CurrencyConverter-frameworks-${CONFIGURATION}-output-files.xcfilelist",
			);
			runOnlyForDeploymentPostprocessing = 0;
			shellPath = /bin/sh;
			shellScript = "\"${PODS_ROOT}/Target Support Files/Pods-CurrencyConverter/Pods-CurrencyConverter-frameworks.sh\"\n";
			showEnvVarsInLog = 0;
		};
		7D99D4E342C6775153EE6FC2 /* [CP] Check Pods Manifest.lock */ = {
			isa = PBXShellScriptBuildPhase;
			buildActionMask = 2147483647;
			files = (
			);
			inputFileListPaths = (
			);
			inputPaths = (
				"${PODS_PODFILE_DIR_PATH}/Podfile.lock",
				"${PODS_ROOT}/Manifest.lock",
			);
			name = "[CP] Check Pods Manifest.lock";
			outputFileListPaths = (
			);
			outputPaths = (
				"$(DERIVED_FILE_DIR)/Pods-CurrencyConverter-CurrencyConverterUITests-checkManifestLockResult.txt",
			);
			runOnlyForDeploymentPostprocessing = 0;
			shellPath = /bin/sh;
			shellScript = "diff \"${PODS_PODFILE_DIR_PATH}/Podfile.lock\" \"${PODS_ROOT}/Manifest.lock\" > /dev/null\nif [ $? != 0 ] ; then\n    # print error to STDERR\n    echo \"error: The sandbox is not in sync with the Podfile.lock. Run 'pod install' or update your CocoaPods installation.\" >&2\n    exit 1\nfi\n# This output is used by Xcode 'outputs' to avoid re-running this script phase.\necho \"SUCCESS\" > \"${SCRIPT_OUTPUT_FILE_0}\"\n";
			showEnvVarsInLog = 0;
		};
		7EA1A028F8C4CA330DAAE896 /* [CP] Embed Pods Frameworks */ = {
			isa = PBXShellScriptBuildPhase;
			buildActionMask = 2147483647;
			files = (
			);
			inputFileListPaths = (
				"${PODS_ROOT}/Target Support Files/Pods-CurrencyConverter-CurrencyConverterUITests/Pods-CurrencyConverter-CurrencyConverterUITests-frameworks-${CONFIGURATION}-input-files.xcfilelist",
			);
			name = "[CP] Embed Pods Frameworks";
			outputFileListPaths = (
				"${PODS_ROOT}/Target Support Files/Pods-CurrencyConverter-CurrencyConverterUITests/Pods-CurrencyConverter-CurrencyConverterUITests-frameworks-${CONFIGURATION}-output-files.xcfilelist",
			);
			runOnlyForDeploymentPostprocessing = 0;
			shellPath = /bin/sh;
			shellScript = "\"${PODS_ROOT}/Target Support Files/Pods-CurrencyConverter-CurrencyConverterUITests/Pods-CurrencyConverter-CurrencyConverterUITests-frameworks.sh\"\n";
			showEnvVarsInLog = 0;
		};
		CADAF2A919D6F58F6FC8B17C /* [CP] Check Pods Manifest.lock */ = {
			isa = PBXShellScriptBuildPhase;
			buildActionMask = 2147483647;
			files = (
			);
			inputFileListPaths = (
			);
			inputPaths = (
				"${PODS_PODFILE_DIR_PATH}/Podfile.lock",
				"${PODS_ROOT}/Manifest.lock",
			);
			name = "[CP] Check Pods Manifest.lock";
			outputFileListPaths = (
			);
			outputPaths = (
				"$(DERIVED_FILE_DIR)/Pods-CurrencyConverterTests-checkManifestLockResult.txt",
			);
			runOnlyForDeploymentPostprocessing = 0;
			shellPath = /bin/sh;
			shellScript = "diff \"${PODS_PODFILE_DIR_PATH}/Podfile.lock\" \"${PODS_ROOT}/Manifest.lock\" > /dev/null\nif [ $? != 0 ] ; then\n    # print error to STDERR\n    echo \"error: The sandbox is not in sync with the Podfile.lock. Run 'pod install' or update your CocoaPods installation.\" >&2\n    exit 1\nfi\n# This output is used by Xcode 'outputs' to avoid re-running this script phase.\necho \"SUCCESS\" > \"${SCRIPT_OUTPUT_FILE_0}\"\n";
			showEnvVarsInLog = 0;
		};
		E852C9431B8D8CBF3725E930 /* [CP] Check Pods Manifest.lock */ = {
			isa = PBXShellScriptBuildPhase;
			buildActionMask = 2147483647;
			files = (
			);
			inputFileListPaths = (
			);
			inputPaths = (
				"${PODS_PODFILE_DIR_PATH}/Podfile.lock",
				"${PODS_ROOT}/Manifest.lock",
			);
			name = "[CP] Check Pods Manifest.lock";
			outputFileListPaths = (
			);
			outputPaths = (
				"$(DERIVED_FILE_DIR)/Pods-CurrencyConverter-checkManifestLockResult.txt",
			);
			runOnlyForDeploymentPostprocessing = 0;
			shellPath = /bin/sh;
			shellScript = "diff \"${PODS_PODFILE_DIR_PATH}/Podfile.lock\" \"${PODS_ROOT}/Manifest.lock\" > /dev/null\nif [ $? != 0 ] ; then\n    # print error to STDERR\n    echo \"error: The sandbox is not in sync with the Podfile.lock. Run 'pod install' or update your CocoaPods installation.\" >&2\n    exit 1\nfi\n# This output is used by Xcode 'outputs' to avoid re-running this script phase.\necho \"SUCCESS\" > \"${SCRIPT_OUTPUT_FILE_0}\"\n";
			showEnvVarsInLog = 0;
		};
/* End PBXShellScriptBuildPhase section */

/* Begin PBXSourcesBuildPhase section */
		8475303427E4AE9A00BEDA7E /* Sources */ = {
			isa = PBXSourcesBuildPhase;
			buildActionMask = 2147483647;
			files = (
				8475308A27E4CA5F00BEDA7E /* CurrencyConverterModel.swift in Sources */,
				8475308127E4C74100BEDA7E /* Endpoint.swift in Sources */,
				8475308C27E4CAC000BEDA7E /* CurrencyModel.swift in Sources */,
				8475304027E4AE9A00BEDA7E /* ViewController.swift in Sources */,
				8475304627E4AE9A00BEDA7E /* CurrencyConverter.xcdatamodeld in Sources */,
				8475303C27E4AE9A00BEDA7E /* AppDelegate.swift in Sources */,
				8475303E27E4AE9A00BEDA7E /* SceneDelegate.swift in Sources */,
				8475307F27E4C72900BEDA7E /* NetworkService.swift in Sources */,
				8475308327E4C75200BEDA7E /* NetworkConfig.swift in Sources */,
				8475308627E4C8A400BEDA7E /* AppConfigurations.swift in Sources */,
				8475307D27E4C71500BEDA7E /* DataTransferService.swift in Sources */,
				8475308827E4CA0300BEDA7E /* CurrencyConverterStore.swift in Sources */,
			);
			runOnlyForDeploymentPostprocessing = 0;
		};
		8475304D27E4AE9F00BEDA7E /* Sources */ = {
			isa = PBXSourcesBuildPhase;
			buildActionMask = 2147483647;
			files = (
				8475305627E4AE9F00BEDA7E /* CurrencyConverterTests.swift in Sources */,
			);
			runOnlyForDeploymentPostprocessing = 0;
		};
		8475305727E4AE9F00BEDA7E /* Sources */ = {
			isa = PBXSourcesBuildPhase;
			buildActionMask = 2147483647;
			files = (
				8475306227E4AE9F00BEDA7E /* CurrencyConverterUITestsLaunchTests.swift in Sources */,
				8475306027E4AE9F00BEDA7E /* CurrencyConverterUITests.swift in Sources */,
			);
			runOnlyForDeploymentPostprocessing = 0;
		};
/* End PBXSourcesBuildPhase section */

/* Begin PBXTargetDependency section */
		8475305327E4AE9F00BEDA7E /* PBXTargetDependency */ = {
			isa = PBXTargetDependency;
			target = 8475303727E4AE9A00BEDA7E /* CurrencyConverter */;
			targetProxy = 8475305227E4AE9F00BEDA7E /* PBXContainerItemProxy */;
		};
		8475305D27E4AE9F00BEDA7E /* PBXTargetDependency */ = {
			isa = PBXTargetDependency;
			target = 8475303727E4AE9A00BEDA7E /* CurrencyConverter */;
			targetProxy = 8475305C27E4AE9F00BEDA7E /* PBXContainerItemProxy */;
		};
/* End PBXTargetDependency section */

/* Begin PBXVariantGroup section */
		8475304127E4AE9A00BEDA7E /* Main.storyboard */ = {
			isa = PBXVariantGroup;
			children = (
				8475304227E4AE9A00BEDA7E /* Base */,
			);
			name = Main.storyboard;
			sourceTree = "<group>";
		};
		8475304927E4AE9E00BEDA7E /* LaunchScreen.storyboard */ = {
			isa = PBXVariantGroup;
			children = (
				8475304A27E4AE9E00BEDA7E /* Base */,
			);
			name = LaunchScreen.storyboard;
			sourceTree = "<group>";
		};
/* End PBXVariantGroup section */

/* Begin XCBuildConfiguration section */
		8475306327E4AE9F00BEDA7E /* Debug */ = {
			isa = XCBuildConfiguration;
			buildSettings = {
				ALWAYS_SEARCH_USER_PATHS = NO;
				CLANG_ANALYZER_NONNULL = YES;
				CLANG_ANALYZER_NUMBER_OBJECT_CONVERSION = YES_AGGRESSIVE;
				CLANG_CXX_LANGUAGE_STANDARD = "gnu++17";
				CLANG_CXX_LIBRARY = "libc++";
				CLANG_ENABLE_MODULES = YES;
				CLANG_ENABLE_OBJC_ARC = YES;
				CLANG_ENABLE_OBJC_WEAK = YES;
				CLANG_WARN_BLOCK_CAPTURE_AUTORELEASING = YES;
				CLANG_WARN_BOOL_CONVERSION = YES;
				CLANG_WARN_COMMA = YES;
				CLANG_WARN_CONSTANT_CONVERSION = YES;
				CLANG_WARN_DEPRECATED_OBJC_IMPLEMENTATIONS = YES;
				CLANG_WARN_DIRECT_OBJC_ISA_USAGE = YES_ERROR;
				CLANG_WARN_DOCUMENTATION_COMMENTS = YES;
				CLANG_WARN_EMPTY_BODY = YES;
				CLANG_WARN_ENUM_CONVERSION = YES;
				CLANG_WARN_INFINITE_RECURSION = YES;
				CLANG_WARN_INT_CONVERSION = YES;
				CLANG_WARN_NON_LITERAL_NULL_CONVERSION = YES;
				CLANG_WARN_OBJC_IMPLICIT_RETAIN_SELF = YES;
				CLANG_WARN_OBJC_LITERAL_CONVERSION = YES;
				CLANG_WARN_OBJC_ROOT_CLASS = YES_ERROR;
				CLANG_WARN_QUOTED_INCLUDE_IN_FRAMEWORK_HEADER = YES;
				CLANG_WARN_RANGE_LOOP_ANALYSIS = YES;
				CLANG_WARN_STRICT_PROTOTYPES = YES;
				CLANG_WARN_SUSPICIOUS_MOVE = YES;
				CLANG_WARN_UNGUARDED_AVAILABILITY = YES_AGGRESSIVE;
				CLANG_WARN_UNREACHABLE_CODE = YES;
				CLANG_WARN__DUPLICATE_METHOD_MATCH = YES;
				COPY_PHASE_STRIP = NO;
				DEBUG_INFORMATION_FORMAT = dwarf;
				ENABLE_STRICT_OBJC_MSGSEND = YES;
				ENABLE_TESTABILITY = YES;
				GCC_C_LANGUAGE_STANDARD = gnu11;
				GCC_DYNAMIC_NO_PIC = NO;
				GCC_NO_COMMON_BLOCKS = YES;
				GCC_OPTIMIZATION_LEVEL = 0;
				GCC_PREPROCESSOR_DEFINITIONS = (
					"DEBUG=1",
					"$(inherited)",
				);
				GCC_WARN_64_TO_32_BIT_CONVERSION = YES;
				GCC_WARN_ABOUT_RETURN_TYPE = YES_ERROR;
				GCC_WARN_UNDECLARED_SELECTOR = YES;
				GCC_WARN_UNINITIALIZED_AUTOS = YES_AGGRESSIVE;
				GCC_WARN_UNUSED_FUNCTION = YES;
				GCC_WARN_UNUSED_VARIABLE = YES;
				IPHONEOS_DEPLOYMENT_TARGET = 15.2;
				MTL_ENABLE_DEBUG_INFO = INCLUDE_SOURCE;
				MTL_FAST_MATH = YES;
				ONLY_ACTIVE_ARCH = YES;
				SDKROOT = iphoneos;
				SWIFT_ACTIVE_COMPILATION_CONDITIONS = DEBUG;
				SWIFT_OPTIMIZATION_LEVEL = "-Onone";
			};
			name = Debug;
		};
		8475306427E4AE9F00BEDA7E /* Release */ = {
			isa = XCBuildConfiguration;
			buildSettings = {
				ALWAYS_SEARCH_USER_PATHS = NO;
				CLANG_ANALYZER_NONNULL = YES;
				CLANG_ANALYZER_NUMBER_OBJECT_CONVERSION = YES_AGGRESSIVE;
				CLANG_CXX_LANGUAGE_STANDARD = "gnu++17";
				CLANG_CXX_LIBRARY = "libc++";
				CLANG_ENABLE_MODULES = YES;
				CLANG_ENABLE_OBJC_ARC = YES;
				CLANG_ENABLE_OBJC_WEAK = YES;
				CLANG_WARN_BLOCK_CAPTURE_AUTORELEASING = YES;
				CLANG_WARN_BOOL_CONVERSION = YES;
				CLANG_WARN_COMMA = YES;
				CLANG_WARN_CONSTANT_CONVERSION = YES;
				CLANG_WARN_DEPRECATED_OBJC_IMPLEMENTATIONS = YES;
				CLANG_WARN_DIRECT_OBJC_ISA_USAGE = YES_ERROR;
				CLANG_WARN_DOCUMENTATION_COMMENTS = YES;
				CLANG_WARN_EMPTY_BODY = YES;
				CLANG_WARN_ENUM_CONVERSION = YES;
				CLANG_WARN_INFINITE_RECURSION = YES;
				CLANG_WARN_INT_CONVERSION = YES;
				CLANG_WARN_NON_LITERAL_NULL_CONVERSION = YES;
				CLANG_WARN_OBJC_IMPLICIT_RETAIN_SELF = YES;
				CLANG_WARN_OBJC_LITERAL_CONVERSION = YES;
				CLANG_WARN_OBJC_ROOT_CLASS = YES_ERROR;
				CLANG_WARN_QUOTED_INCLUDE_IN_FRAMEWORK_HEADER = YES;
				CLANG_WARN_RANGE_LOOP_ANALYSIS = YES;
				CLANG_WARN_STRICT_PROTOTYPES = YES;
				CLANG_WARN_SUSPICIOUS_MOVE = YES;
				CLANG_WARN_UNGUARDED_AVAILABILITY = YES_AGGRESSIVE;
				CLANG_WARN_UNREACHABLE_CODE = YES;
				CLANG_WARN__DUPLICATE_METHOD_MATCH = YES;
				COPY_PHASE_STRIP = NO;
				DEBUG_INFORMATION_FORMAT = "dwarf-with-dsym";
				ENABLE_NS_ASSERTIONS = NO;
				ENABLE_STRICT_OBJC_MSGSEND = YES;
				GCC_C_LANGUAGE_STANDARD = gnu11;
				GCC_NO_COMMON_BLOCKS = YES;
				GCC_WARN_64_TO_32_BIT_CONVERSION = YES;
				GCC_WARN_ABOUT_RETURN_TYPE = YES_ERROR;
				GCC_WARN_UNDECLARED_SELECTOR = YES;
				GCC_WARN_UNINITIALIZED_AUTOS = YES_AGGRESSIVE;
				GCC_WARN_UNUSED_FUNCTION = YES;
				GCC_WARN_UNUSED_VARIABLE = YES;
				IPHONEOS_DEPLOYMENT_TARGET = 15.2;
				MTL_ENABLE_DEBUG_INFO = NO;
				MTL_FAST_MATH = YES;
				SDKROOT = iphoneos;
				SWIFT_COMPILATION_MODE = wholemodule;
				SWIFT_OPTIMIZATION_LEVEL = "-O";
				VALIDATE_PRODUCT = YES;
			};
			name = Release;
		};
		8475306627E4AE9F00BEDA7E /* Debug */ = {
			isa = XCBuildConfiguration;
			baseConfigurationReference = 69A4D39630E23FBF2216A580 /* Pods-CurrencyConverter.debug.xcconfig */;
			buildSettings = {
				ASSETCATALOG_COMPILER_APPICON_NAME = AppIcon;
				ASSETCATALOG_COMPILER_GLOBAL_ACCENT_COLOR_NAME = AccentColor;
				CODE_SIGN_STYLE = Automatic;
				CURRENT_PROJECT_VERSION = 1;
				DEVELOPMENT_TEAM = V3QC3T7D4B;
				GENERATE_INFOPLIST_FILE = YES;
				INFOPLIST_FILE = CurrencyConverter/Info.plist;
				INFOPLIST_KEY_UIApplicationSupportsIndirectInputEvents = YES;
				INFOPLIST_KEY_UILaunchStoryboardName = LaunchScreen;
				INFOPLIST_KEY_UIMainStoryboardFile = Main;
				INFOPLIST_KEY_UISupportedInterfaceOrientations_iPad = "UIInterfaceOrientationPortrait UIInterfaceOrientationPortraitUpsideDown UIInterfaceOrientationLandscapeLeft UIInterfaceOrientationLandscapeRight";
				INFOPLIST_KEY_UISupportedInterfaceOrientations_iPhone = "UIInterfaceOrientationPortrait UIInterfaceOrientationLandscapeLeft UIInterfaceOrientationLandscapeRight";
				LD_RUNPATH_SEARCH_PATHS = (
					"$(inherited)",
					"@executable_path/Frameworks",
				);
				MARKETING_VERSION = 1.0;
				PRODUCT_BUNDLE_IDENTIFIER = com.CurrencyConverter.CurrencyConverter;
				PRODUCT_NAME = "$(TARGET_NAME)";
				SWIFT_EMIT_LOC_STRINGS = YES;
				SWIFT_VERSION = 5.0;
				TARGETED_DEVICE_FAMILY = "1,2";
			};
			name = Debug;
		};
		8475306727E4AE9F00BEDA7E /* Release */ = {
			isa = XCBuildConfiguration;
			baseConfigurationReference = EABA14471415C9F920CDE82C /* Pods-CurrencyConverter.release.xcconfig */;
			buildSettings = {
				ASSETCATALOG_COMPILER_APPICON_NAME = AppIcon;
				ASSETCATALOG_COMPILER_GLOBAL_ACCENT_COLOR_NAME = AccentColor;
				CODE_SIGN_STYLE = Automatic;
				CURRENT_PROJECT_VERSION = 1;
				DEVELOPMENT_TEAM = V3QC3T7D4B;
				GENERATE_INFOPLIST_FILE = YES;
				INFOPLIST_FILE = CurrencyConverter/Info.plist;
				INFOPLIST_KEY_UIApplicationSupportsIndirectInputEvents = YES;
				INFOPLIST_KEY_UILaunchStoryboardName = LaunchScreen;
				INFOPLIST_KEY_UIMainStoryboardFile = Main;
				INFOPLIST_KEY_UISupportedInterfaceOrientations_iPad = "UIInterfaceOrientationPortrait UIInterfaceOrientationPortraitUpsideDown UIInterfaceOrientationLandscapeLeft UIInterfaceOrientationLandscapeRight";
				INFOPLIST_KEY_UISupportedInterfaceOrientations_iPhone = "UIInterfaceOrientationPortrait UIInterfaceOrientationLandscapeLeft UIInterfaceOrientationLandscapeRight";
				LD_RUNPATH_SEARCH_PATHS = (
					"$(inherited)",
					"@executable_path/Frameworks",
				);
				MARKETING_VERSION = 1.0;
				PRODUCT_BUNDLE_IDENTIFIER = com.CurrencyConverter.CurrencyConverter;
				PRODUCT_NAME = "$(TARGET_NAME)";
				SWIFT_EMIT_LOC_STRINGS = YES;
				SWIFT_VERSION = 5.0;
				TARGETED_DEVICE_FAMILY = "1,2";
			};
			name = Release;
		};
		8475306927E4AE9F00BEDA7E /* Debug */ = {
			isa = XCBuildConfiguration;
			baseConfigurationReference = 959ECE5E6F6F14412CD5D2EB /* Pods-CurrencyConverterTests.debug.xcconfig */;
			buildSettings = {
				ALWAYS_EMBED_SWIFT_STANDARD_LIBRARIES = YES;
				BUNDLE_LOADER = "$(TEST_HOST)";
				CODE_SIGN_STYLE = Automatic;
				CURRENT_PROJECT_VERSION = 1;
				DEVELOPMENT_TEAM = V3QC3T7D4B;
				GENERATE_INFOPLIST_FILE = YES;
				IPHONEOS_DEPLOYMENT_TARGET = 15.2;
				MARKETING_VERSION = 1.0;
				PRODUCT_BUNDLE_IDENTIFIER = com.CurrencyConverter.CurrencyConverterTests;
				PRODUCT_NAME = "$(TARGET_NAME)";
				SWIFT_EMIT_LOC_STRINGS = NO;
				SWIFT_VERSION = 5.0;
				TARGETED_DEVICE_FAMILY = "1,2";
				TEST_HOST = "$(BUILT_PRODUCTS_DIR)/CurrencyConverter.app/CurrencyConverter";
			};
			name = Debug;
		};
		8475306A27E4AE9F00BEDA7E /* Release */ = {
			isa = XCBuildConfiguration;
			baseConfigurationReference = 9ECE4DC97F2DA8529DFC8EE2 /* Pods-CurrencyConverterTests.release.xcconfig */;
			buildSettings = {
				ALWAYS_EMBED_SWIFT_STANDARD_LIBRARIES = YES;
				BUNDLE_LOADER = "$(TEST_HOST)";
				CODE_SIGN_STYLE = Automatic;
				CURRENT_PROJECT_VERSION = 1;
				DEVELOPMENT_TEAM = V3QC3T7D4B;
				GENERATE_INFOPLIST_FILE = YES;
				IPHONEOS_DEPLOYMENT_TARGET = 15.2;
				MARKETING_VERSION = 1.0;
				PRODUCT_BUNDLE_IDENTIFIER = com.CurrencyConverter.CurrencyConverterTests;
				PRODUCT_NAME = "$(TARGET_NAME)";
				SWIFT_EMIT_LOC_STRINGS = NO;
				SWIFT_VERSION = 5.0;
				TARGETED_DEVICE_FAMILY = "1,2";
				TEST_HOST = "$(BUILT_PRODUCTS_DIR)/CurrencyConverter.app/CurrencyConverter";
			};
			name = Release;
		};
		8475306C27E4AE9F00BEDA7E /* Debug */ = {
			isa = XCBuildConfiguration;
			baseConfigurationReference = 91A530519D994C2EB0D72FBE /* Pods-CurrencyConverter-CurrencyConverterUITests.debug.xcconfig */;
			buildSettings = {
				ALWAYS_EMBED_SWIFT_STANDARD_LIBRARIES = YES;
				CODE_SIGN_STYLE = Automatic;
				CURRENT_PROJECT_VERSION = 1;
				DEVELOPMENT_TEAM = V3QC3T7D4B;
				GENERATE_INFOPLIST_FILE = YES;
				MARKETING_VERSION = 1.0;
				PRODUCT_BUNDLE_IDENTIFIER = com.CurrencyConverter.CurrencyConverterUITests;
				PRODUCT_NAME = "$(TARGET_NAME)";
				SWIFT_EMIT_LOC_STRINGS = NO;
				SWIFT_VERSION = 5.0;
				TARGETED_DEVICE_FAMILY = "1,2";
				TEST_TARGET_NAME = CurrencyConverter;
			};
			name = Debug;
		};
		8475306D27E4AE9F00BEDA7E /* Release */ = {
			isa = XCBuildConfiguration;
			baseConfigurationReference = 39B22AC802DCB56367A1251C /* Pods-CurrencyConverter-CurrencyConverterUITests.release.xcconfig */;
			buildSettings = {
				ALWAYS_EMBED_SWIFT_STANDARD_LIBRARIES = YES;
				CODE_SIGN_STYLE = Automatic;
				CURRENT_PROJECT_VERSION = 1;
				DEVELOPMENT_TEAM = V3QC3T7D4B;
				GENERATE_INFOPLIST_FILE = YES;
				MARKETING_VERSION = 1.0;
				PRODUCT_BUNDLE_IDENTIFIER = com.CurrencyConverter.CurrencyConverterUITests;
				PRODUCT_NAME = "$(TARGET_NAME)";
				SWIFT_EMIT_LOC_STRINGS = NO;
				SWIFT_VERSION = 5.0;
				TARGETED_DEVICE_FAMILY = "1,2";
				TEST_TARGET_NAME = CurrencyConverter;
			};
			name = Release;
		};
/* End XCBuildConfiguration section */

/* Begin XCConfigurationList section */
		8475303327E4AE9900BEDA7E /* Build configuration list for PBXProject "CurrencyConverter" */ = {
			isa = XCConfigurationList;
			buildConfigurations = (
				8475306327E4AE9F00BEDA7E /* Debug */,
				8475306427E4AE9F00BEDA7E /* Release */,
			);
			defaultConfigurationIsVisible = 0;
			defaultConfigurationName = Release;
		};
		8475306527E4AE9F00BEDA7E /* Build configuration list for PBXNativeTarget "CurrencyConverter" */ = {
			isa = XCConfigurationList;
			buildConfigurations = (
				8475306627E4AE9F00BEDA7E /* Debug */,
				8475306727E4AE9F00BEDA7E /* Release */,
			);
			defaultConfigurationIsVisible = 0;
			defaultConfigurationName = Release;
		};
		8475306827E4AE9F00BEDA7E /* Build configuration list for PBXNativeTarget "CurrencyConverterTests" */ = {
			isa = XCConfigurationList;
			buildConfigurations = (
				8475306927E4AE9F00BEDA7E /* Debug */,
				8475306A27E4AE9F00BEDA7E /* Release */,
			);
			defaultConfigurationIsVisible = 0;
			defaultConfigurationName = Release;
		};
		8475306B27E4AE9F00BEDA7E /* Build configuration list for PBXNativeTarget "CurrencyConverterUITests" */ = {
			isa = XCConfigurationList;
			buildConfigurations = (
				8475306C27E4AE9F00BEDA7E /* Debug */,
				8475306D27E4AE9F00BEDA7E /* Release */,
			);
			defaultConfigurationIsVisible = 0;
			defaultConfigurationName = Release;
		};
/* End XCConfigurationList section */

/* Begin XCVersionGroup section */
		8475304427E4AE9A00BEDA7E /* CurrencyConverter.xcdatamodeld */ = {
			isa = XCVersionGroup;
			children = (
				8475304527E4AE9A00BEDA7E /* CurrencyConverter.xcdatamodel */,
			);
			currentVersion = 8475304527E4AE9A00BEDA7E /* CurrencyConverter.xcdatamodel */;
			path = CurrencyConverter.xcdatamodeld;
			sourceTree = "<group>";
			versionGroupType = wrapper.xcdatamodel;
		};
/* End XCVersionGroup section */
	};
	rootObject = 8475303027E4AE9900BEDA7E /* Project object */;
}
